
Microsoft Visual Studio Solution File, Format Version 12.00
# Visual Studio Version 17
VisualStudioVersion = 17.2.32526.322
MinimumVisualStudioVersion = 10.0.40219.1
Project("{FAE04EC0-301F-11D3-BF4B-00C04F79EFBC}") = "IFS.Core", "IFS.Core\IFS.Core.csproj", "{96498247-8DEF-441E-8395-03AE494435CE}"
EndProject
Project("{FAE04EC0-301F-11D3-BF4B-00C04F79EFBC}") = "IFS.Entities", "IFS.Entities\IFS.Entities.csproj", "{0898F005-6FF7-4DA2-984D-A44367309DF2}"
EndProject
Project("{FAE04EC0-301F-11D3-BF4B-00C04F79EFBC}") = "IFS.DataAccess", "IFS.DataAccsess\IFS.DataAccess.csproj", "{DB0B3AC1-71BA-44D3-90E7-14D9179C1539}"
EndProject
Project("{FAE04EC0-301F-11D3-BF4B-00C04F79EFBC}") = "IFS.Business", "IFS.Business\IFS.Business.csproj", "{C755245C-7150-49F3-B421-0A8789BD90D6}"
EndProject
Project("{FAE04EC0-301F-11D3-BF4B-00C04F79EFBC}") = "IFS.MvcWebUI", "IFS.MvcWebUI\IFS.MvcWebUI.csproj", "{2A6DAEB6-11CF-44D0-B00F-4F97082F0A7C}"
EndProject
Global
	GlobalSection(SolutionConfigurationPlatforms) = preSolution
		Debug|Any CPU = Debug|Any CPU
		Release|Any CPU = Release|Any CPU
	EndGlobalSection
	GlobalSection(ProjectConfigurationPlatforms) = postSolution
		{96498247-8DEF-441E-8395-03AE494435CE}.Debug|Any CPU.ActiveCfg = Debug|Any CPU
		{96498247-8DEF-441E-8395-03AE494435CE}.Debug|Any CPU.Build.0 = Debug|Any CPU
		{96498247-8DEF-441E-8395-03AE494435CE}.Release|Any CPU.ActiveCfg = Release|Any CPU
		{96498247-8DEF-441E-8395-03AE494435CE}.Release|Any CPU.Build.0 = Release|Any CPU
		{0898F005-6FF7-4DA2-984D-A44367309DF2}.Debug|Any CPU.ActiveCfg = Debug|Any CPU
		{0898F005-6FF7-4DA2-984D-A44367309DF2}.Debug|Any CPU.Build.0 = Debug|Any CPU
		{0898F005-6FF7-4DA2-984D-A44367309DF2}.Release|Any CPU.ActiveCfg = Release|Any CPU
		{0898F005-6FF7-4DA2-984D-A44367309DF2}.Release|Any CPU.Build.0 = Release|Any CPU
		{DB0B3AC1-71BA-44D3-90E7-14D9179C1539}.Debug|Any CPU.ActiveCfg = Debug|Any CPU
		{DB0B3AC1-71BA-44D3-90E7-14D9179C1539}.Debug|Any CPU.Build.0 = Debug|Any CPU
		{DB0B3AC1-71BA-44D3-90E7-14D9179C1539}.Release|Any CPU.ActiveCfg = Release|Any CPU
		{DB0B3AC1-71BA-44D3-90E7-14D9179C1539}.Release|Any CPU.Build.0 = Release|Any CPU
		{C755245C-7150-49F3-B421-0A8789BD90D6}.Debug|Any CPU.ActiveCfg = Debug|Any CPU
		{C755245C-7150-49F3-B421-0A8789BD90D6}.Debug|Any CPU.Build.0 = Debug|Any CPU
		{C755245C-7150-49F3-B421-0A8789BD90D6}.Release|Any CPU.ActiveCfg = Release|Any CPU
		{C755245C-7150-49F3-B421-0A8789BD90D6}.Release|Any CPU.Build.0 = Release|Any CPU
		{2A6DAEB6-11CF-44D0-B00F-4F97082F0A7C}.Debug|Any CPU.ActiveCfg = Debug|Any CPU
		{2A6DAEB6-11CF-44D0-B00F-4F97082F0A7C}.Debug|Any CPU.Build.0 = Debug|Any CPU
		{2A6DAEB6-11CF-44D0-B00F-4F97082F0A7C}.Release|Any CPU.ActiveCfg = Release|Any CPU
		{2A6DAEB6-11CF-44D0-B00F-4F97082F0A7C}.Release|Any CPU.Build.0 = Release|Any CPU
	EndGlobalSection
	GlobalSection(SolutionProperties) = preSolution
		HideSolutionNode = FALSE
	EndGlobalSection
	GlobalSection(ExtensibilityGlobals) = postSolution
		SolutionGuid = {44FB51E1-1D0A-45C0-9DAF-90FD8C653C05}
	EndGlobalSection
EndGlobal
